# THIS IS AN AUTOGENERATED FILE. DO NOT EDIT THIS FILE DIRECTLY.
# yarn lockfile v1


"@openzeppelin/contracts-upgradeable@^5.0.1":
  version "5.0.1"
  resolved "https://registry.yarnpkg.com/@openzeppelin/contracts-upgradeable/-/contracts-upgradeable-5.0.1.tgz#ebc163cbed2de6b8b69bff628261d18deb912a81"
  integrity sha512-MvaLoPnVcoZr/qqZP+4cl9piuR4gg0iIGgxVSZ/AL1iId3M6IdEHzz9Naw5Lirl4KKBI6ciTVnX07yL4dOMIJg==

"@openzeppelin/contracts@^5.0.1":
  version "5.0.1"
  resolved "https://registry.yarnpkg.com/@openzeppelin/contracts/-/contracts-5.0.1.tgz#93da90fc209a0a4ff09c1deb037fbb35e4020890"
  integrity sha512-yQJaT5HDp9hYOOp4jTYxMsR02gdFZFXhewX5HW9Jo4fsqSVqqyIO/xTHdWDaKX5a3pv1txmf076Lziz+sO7L1w==

solady@^0.0.161:
  version "0.0.161"
  resolved "https://registry.yarnpkg.com/solady/-/solady-0.0.161.tgz#14fb10f052e9a543d67264e5879846c15a08fee0"
  integrity sha512-ghpSgcNa3sKOzWzWyr/6ktnm4cONO0qGoHrXOAYTs5rq2HfQv8uAaBJHB7uq2e1assCKDz3H91k6/nkyAg2i/w==
